
Microsoft Visual Studio Solution File, Format Version 12.00
# Visual Studio 15
VisualStudioVersion = 15.0.26730.8
MinimumVisualStudioVersion = 10.0.40219.1
Project("{FAE04EC0-301F-11D3-BF4B-00C04F79EFBC}") = "Banco", "Banco\Banco.csproj", "{6748E09D-2C5B-4ABF-96C8-35EC0B1411F4}"
EndProject
Global
	GlobalSection(SolutionConfigurationPlatforms) = preSolution
		Debug|Any CPU = Debug|Any CPU
		Release|Any CPU = Release|Any CPU
	EndGlobalSection
	GlobalSection(ProjectConfigurationPlatforms) = postSolution
		{6748E09D-2C5B-4ABF-96C8-35EC0B1411F4}.Debug|Any CPU.ActiveCfg = Debug|Any CPU
		{6748E09D-2C5B-4ABF-96C8-35EC0B1411F4}.Debug|Any CPU.Build.0 = Debug|Any CPU
		{6748E09D-2C5B-4ABF-96C8-35EC0B1411F4}.Release|Any CPU.ActiveCfg = Release|Any CPU
		{6748E09D-2C5B-4ABF-96C8-35EC0B1411F4}.Release|Any CPU.Build.0 = Release|Any CPU
	EndGlobalSection
	GlobalSection(SolutionProperties) = preSolution
		HideSolutionNode = FALSE
	EndGlobalSection
	GlobalSection(ExtensibilityGlobals) = postSolution
		SolutionGuid = {6B11DEC1-F871-4D5B-8AA6-B03FE94B2B94}
	EndGlobalSection
EndGlobal
